<?xml version="1.0" encoding="utf-8"?>
<Project ToolsVersion="4.0" xmlns="http://schemas.microsoft.com/developer/msbuild/2003">
  <ItemGroup>
    <Filter Include="Source Files">
      <UniqueIdentifier>{4FC737F1-C7A5-4376-A066-2A32D752A2FF}</UniqueIdentifier>
      <Extensions>cpp;c;cc;cxx;def;odl;idl;hpj;bat;asm;asmx</Extensions>
    </Filter>
    <Filter Include="Header Files">
      <UniqueIdentifier>{93995380-89BD-4b04-88EB-625FBE52EBFB}</UniqueIdentifier>
      <Extensions>h;hh;hpp;hxx;hm;inl;inc;ipp;xsd</Extensions>
    </Filter>
    <Filter Include="Resource Files">
      <UniqueIdentifier>{67DA6AB6-F800-4c08-8B7A-83BB121AAD01}</UniqueIdentifier>
      <Extensions>rc;ico;cur;bmp;dlg;rc2;rct;bin;rgs;gif;jpg;jpeg;jpe;resx;tiff;tif;png;wav;mfcribbon-ms</Extensions>
    </Filter>
  </ItemGroup>
  <ItemGroup>
    <ClInclude Include="Header\CtrlVenta.h">
      <Filter>Header Files</Filter>
    </ClInclude>
    <ClInclude Include="Header\IVenta.h">
      <Filter>Header Files</Filter>
    </ClInclude>
    <ClInclude Include="Header\Venta.h">
      <Filter>Header Files</Filter>
    </ClInclude>
    <ClInclude Include="Header\DtComida.h">
      <Filter>Header Files</Filter>
    </ClInclude>
    <ClInclude Include="Header\DtFactura.h">
      <Filter>Header Files</Filter>
    </ClInclude>
    <ClInclude Include="Header\IProducto.h">
      <Filter>Header Files</Filter>
    </ClInclude>
    <ClInclude Include="Header\Comida.h">
      <Filter>Header Files</Filter>
    </ClInclude>
    <ClInclude Include="Header\CtrlProducto.h">
      <Filter>Header Files</Filter>
    </ClInclude>
    <ClInclude Include="Header\CtrlEmpleado.h">
      <Filter>Header Files</Filter>
    </ClInclude>
    <ClInclude Include="Header\CtrlCliente.h">
      <Filter>Header Files</Filter>
    </ClInclude>
    <ClInclude Include="Header\IEmpleado.h">
      <Filter>Header Files</Filter>
    </ClInclude>
    <ClInclude Include="Header\Empleado.h">
      <Filter>Header Files</Filter>
    </ClInclude>
    <ClInclude Include="Header\ICliente.h">
      <Filter>Header Files</Filter>
    </ClInclude>
    <ClInclude Include="Header\DtHora.h">
      <Filter>Header Files</Filter>
    </ClInclude>
    <ClInclude Include="Header\DtFecha.h">
      <Filter>Header Files</Filter>
    </ClInclude>
    <ClInclude Include="Header\DtEmpleado.h">
      <Filter>Header Files</Filter>
    </ClInclude>
    <ClInclude Include="Header\TipoTransporte.h">
      <Filter>Header Files</Filter>
    </ClInclude>
    <ClInclude Include="Header\DtDireccion.h">
      <Filter>Header Files</Filter>
    </ClInclude>
    <ClInclude Include="Header\DtComidaVendida.h">
      <Filter>Header Files</Filter>
    </ClInclude>
    <ClInclude Include="Header\DtEstado.h">
      <Filter>Header Files</Filter>
    </ClInclude>
    <ClInclude Include="Header\DtProductoMenu.h">
      <Filter>Header Files</Filter>
    </ClInclude>
    <ClInclude Include="Header\DtFacturaResumen.h">
      <Filter>Header Files</Filter>
    </ClInclude>
    <ClInclude Include="Header\DtAsignacionMesa.h">
      <Filter>Header Files</Filter>
    </ClInclude>
    <ClInclude Include="Header\DtCliente.h">
      <Filter>Header Files</Filter>
    </ClInclude>
    <ClInclude Include="Header\Estado.h">
      <Filter>Header Files</Filter>
    </ClInclude>
    <ClInclude Include="Header\Pedido.h">
      <Filter>Header Files</Filter>
    </ClInclude>
    <ClInclude Include="Header\EnCamino.h">
      <Filter>Header Files</Filter>
    </ClInclude>
    <ClInclude Include="Header\Recibido.h">
      <Filter>Header Files</Filter>
    </ClInclude>
    <ClInclude Include="Header\Cancelar.h">
      <Filter>Header Files</Filter>
    </ClInclude>
    <ClInclude Include="Header\Factura.h">
      <Filter>Header Files</Filter>
    </ClInclude>
    <ClInclude Include="Header\IObserver.h">
      <Filter>Header Files</Filter>
    </ClInclude>
  </ItemGroup>
  <ItemGroup>
    <ClCompile Include="Source\CtrlVenta.cpp">
      <Filter>Source Files</Filter>
    </ClCompile>
  </ItemGroup>
</Project>